<?xml version="1.0" encoding="utf-8"?>
<Project ToolsVersion="4.0" xmlns="http://schemas.microsoft.com/developer/msbuild/2003">
  <ItemGroup>
    <None Include="maestro_esp8266_test_espnow.ino" />
  </ItemGroup>
  <ItemGroup>
    <ClInclude Include="__vm\.maestro_esp8266_test_espnow.vsarduino.h" />
  </ItemGroup>
</Project>